PODS:
  - bluedot_point_sdk (2.2.0):
    - BluedotPointSDK (= 18.1.0)
    - Flutter
  - bluedot_point_sdk_push (2.2.0):
    - BluedotPointSDK (= 18.1.0)
    - Flutter
  - BluedotPointSDK (18.1.0)
  - Flutter (1.0.0)
  - permission_handler_apple (9.3.0):
    - Flutter
  - shared_preferences_foundation (0.0.1):
    - Flutter
    - FlutterMacOS

DEPENDENCIES:
  - bluedot_point_sdk (from `.symlinks/plugins/bluedot_point_sdk/ios`)
  - bluedot_point_sdk_push (from `.symlinks/plugins/bluedot_point_sdk_push/ios`)
  - Flutter (from `Flutter`)
  - permission_handler_apple (from `.symlinks/plugins/permission_handler_apple/ios`)
  - shared_preferences_foundation (from `.symlinks/plugins/shared_preferences_foundation/darwin`)

SPEC REPOS:
  trunk:
    - BluedotPointSDK

EXTERNAL SOURCES:
  bluedot_point_sdk:
    :path: ".symlinks/plugins/bluedot_point_sdk/ios"
  bluedot_point_sdk_push:
    :path: ".symlinks/plugins/bluedot_point_sdk_push/ios"
  Flutter:
    :path: Flutter
  permission_handler_apple:
    :path: ".symlinks/plugins/permission_handler_apple/ios"
  shared_preferences_foundation:
    :path: ".symlinks/plugins/shared_preferences_foundation/darwin"

SPEC CHECKSUMS:
  bluedot_point_sdk: c822bfbc14cb4df0377f96251e715b124ea63834
  bluedot_point_sdk_push: 7bb7578cd545dcaae0a1927635f09050d291533d
  BluedotPointSDK: 07bc66ee8c9f2d99b99cf029bd57d74d4b9c34f8
  Flutter: cabc95a1d2626b1b06e7179b784ebcf0c0cde467
  permission_handler_apple: 4ed2196e43d0651e8ff7ca3483a069d469701f2d
  shared_preferences_foundation: 7036424c3d8ec98dfe75ff1667cb0cd531ec82bb

PODFILE CHECKSUM: e6fff38ba656f0f08fe9b4654bb6a9ae8c060821

COCOAPODS: 1.16.2
