PODS:
  - AppCenter (5.0.2):
    - AppCenter/Analytics (= 5.0.2)
    - AppCenter/Crashes (= 5.0.2)
  - AppCenter/Analytics (5.0.2):
    - AppCenter/Core
  - AppCenter/Core (5.0.2)
  - AppCenter/Crashes (5.0.2):
    - AppCenter/Core
  - bluedot_point_sdk (1.0.1):
    - BluedotPointSDK (= 16.0.0-rc4)
    - Flutter
  - BluedotPointSDK (16.0.0-rc4)
  - Flutter (1.0.0)
  - permission_handler_apple (9.0.4):
    - Flutter
  - shared_preferences_foundation (0.0.1):
    - Flutter
    - FlutterMacOS

DEPENDENCIES:
  - AppCenter
  - bluedot_point_sdk (from `.symlinks/plugins/bluedot_point_sdk/ios`)
  - Flutter (from `Flutter`)
  - permission_handler_apple (from `.symlinks/plugins/permission_handler_apple/ios`)
  - shared_preferences_foundation (from `.symlinks/plugins/shared_preferences_foundation/darwin`)

SPEC REPOS:
  trunk:
    - AppCenter
    - BluedotPointSDK

EXTERNAL SOURCES:
  bluedot_point_sdk:
    :path: ".symlinks/plugins/bluedot_point_sdk/ios"
  Flutter:
    :path: Flutter
  permission_handler_apple:
    :path: ".symlinks/plugins/permission_handler_apple/ios"
  shared_preferences_foundation:
    :path: ".symlinks/plugins/shared_preferences_foundation/darwin"

SPEC CHECKSUMS:
  AppCenter: 355ba776b273d30147c3ac385c558bec60a7d4b1
  bluedot_point_sdk: 8d660ceffc7cfb99d4a5a60975f68e569d69493f
  BluedotPointSDK: 310805b77936c51166f42f9f8d7ff1336a90f8ac
  Flutter: f04841e97a9d0b0a8025694d0796dd46242b2854
  permission_handler_apple: 44366e37eaf29454a1e7b1b7d736c2cceaeb17ce
  shared_preferences_foundation: 986fc17f3d3251412d18b0265f9c64113a8c2472

PODFILE CHECKSUM: 6a1bb9de5d6faccc5c5ada5c1e04911b539fdd2d

COCOAPODS: 1.12.1
