PODS:
  - bluedot_point_sdk (2.1.1):
    - BluedotPointSDK (= 17.2.0)
    - Flutter
  - BluedotPointSDK (17.2.0)
  - Flutter (1.0.0)
  - permission_handler_apple (9.3.0):
    - Flutter
  - shared_preferences_foundation (0.0.1):
    - Flutter
    - FlutterMacOS

DEPENDENCIES:
  - bluedot_point_sdk (from `.symlinks/plugins/bluedot_point_sdk/ios`)
  - Flutter (from `Flutter`)
  - permission_handler_apple (from `.symlinks/plugins/permission_handler_apple/ios`)
  - shared_preferences_foundation (from `.symlinks/plugins/shared_preferences_foundation/darwin`)

SPEC REPOS:
  trunk:
    - BluedotPointSDK

EXTERNAL SOURCES:
  bluedot_point_sdk:
    :path: ".symlinks/plugins/bluedot_point_sdk/ios"
  Flutter:
    :path: Flutter
  permission_handler_apple:
    :path: ".symlinks/plugins/permission_handler_apple/ios"
  shared_preferences_foundation:
    :path: ".symlinks/plugins/shared_preferences_foundation/darwin"

SPEC CHECKSUMS:
  bluedot_point_sdk: f0f89a4503c8f2cd4515bfb5e0a24c248ffcefe2
  BluedotPointSDK: 46db4abe89d9b90981808c5e382dcd8076c333a9
  Flutter: cabc95a1d2626b1b06e7179b784ebcf0c0cde467
  permission_handler_apple: 4ed2196e43d0651e8ff7ca3483a069d469701f2d
  shared_preferences_foundation: 9e1978ff2562383bd5676f64ec4e9aa8fa06a6f7

PODFILE CHECKSUM: 1770f29565c64955b79c0300f4b6c99dd321a0d0

COCOAPODS: 1.16.2
